dependencies:
  idf:
    source:
      type: idf
    version: 5.4.1
  nimble_peripheral_utils:
    dependencies: []
    source:
      path: D:\Company\Tofu-fw\ble-block\TESTBLE\components\nimble_peripheral_utils
      type: local
    version: '*'
direct_dependencies:
- nimble_peripheral_utils
manifest_hash: d96ade50fa7badf0865f3d8837854adb8cc566bc30a09136e3ba385eaa2308a8
target: esp32s3
version: 2.0.0
